// !$*UTF8*$!
{
	archiveVersion = 1;
	classes = {
	};
	objectVersion = 46;
	objects = {

/* Begin PBXBuildFile section */
		4301D5641E73A59900D48503 /* AppDelegate.swift in Sources */ = {isa = PBXBuildFile; fileRef = 4301D5631E73A59900D48503 /* AppDelegate.swift */; };
		4301D5691E73A59900D48503 /* Main.storyboard in Resources */ = {isa = PBXBuildFile; fileRef = 4301D5671E73A59900D48503 /* Main.storyboard */; };
		4301D56B1E73A59900D48503 /* Assets.xcassets in Resources */ = {isa = PBXBuildFile; fileRef = 4301D56A1E73A59900D48503 /* Assets.xcassets */; };
		4301D56E1E73A59900D48503 /* LaunchScreen.storyboard in Resources */ = {isa = PBXBuildFile; fileRef = 4301D56C1E73A59900D48503 /* LaunchScreen.storyboard */; };
		4301D5761E73A60400D48503 /* GroceriesTableViewController.swift in Sources */ = {isa = PBXBuildFile; fileRef = 4301D5751E73A60400D48503 /* GroceriesTableViewController.swift */; };
/* End PBXBuildFile section */

/* Begin PBXFileReference section */
		4301D5601E73A59900D48503 /* BasicTableview.app */ = {isa = PBXFileReference; explicitFileType = wrapper.application; includeInIndex = 0; path = BasicTableview.app; sourceTree = BUILT_PRODUCTS_DIR; };
		4301D5631E73A59900D48503 /* AppDelegate.swift */ = {isa = PBXFileReference; lastKnownFileType = sourcecode.swift; path = AppDelegate.swift; sourceTree = "<group>"; };
		4301D5681E73A59900D48503 /* Base */ = {isa = PBXFileReference; lastKnownFileType = file.storyboard; name = Base; path = Base.lproj/Main.storyboard; sourceTree = "<group>"; };
		4301D56A1E73A59900D48503 /* Assets.xcassets */ = {isa = PBXFileReference; lastKnownFileType = folder.assetcatalog; path = Assets.xcassets; sourceTree = "<group>"; };
		4301D56D1E73A59900D48503 /* Base */ = {isa = PBXFileReference; lastKnownFileType = file.storyboard; name = Base; path = Base.lproj/LaunchScreen.storyboard; sourceTree = "<group>"; };
		4301D56F1E73A59900D48503 /* Info.plist */ = {isa = PBXFileReference; lastKnownFileType = text.plist.xml; path = Info.plist; sourceTree = "<group>"; };
		4301D5751E73A60400D48503 /* GroceriesTableViewController.swift */ = {isa = PBXFileReference; fileEncoding = 4; lastKnownFileType = sourcecode.swift; path = GroceriesTableViewController.swift; sourceTree = "<group>"; };
/* End PBXFileReference section */

/* Begin PBXFrameworksBuildPhase section */
		4301D55D1E73A59900D48503 /* Frameworks */ = {
			isa = PBXFrameworksBuildPhase;
			buildActionMask = 2147483647;
			files = (
			);
			runOnlyForDeploymentPostprocessing = 0;
		};
/* End PBXFrameworksBuildPhase section */

/* Begin PBXGroup section */
		4301D5571E73A59900D48503 = {
			isa = PBXGroup;
			children = (
				4301D5621E73A59900D48503 /* BasicTableview */,
				4301D5611E73A59900D48503 /* Products */,
			);
			sourceTree = "<group>";
		};
		4301D5611E73A59900D48503 /* Products */ = {
			isa = PBXGroup;
			children = (
				4301D5601E73A59900D48503 /* BasicTableview.app */,
			);
			name = Products;
			sourceTree = "<group>";
		};
		4301D5621E73A59900D48503 /* BasicTableview */ = {
			isa = PBXGroup;
			children = (
				4301D5631E73A59900D48503 /* AppDelegate.swift */,
				4301D5751E73A60400D48503 /* GroceriesTableViewController.swift */,
				4301D5671E73A59900D48503 /* Main.storyboard */,
				4301D56A1E73A59900D48503 /* Assets.xcassets */,
				4301D56C1E73A59900D48503 /* LaunchScreen.storyboard */,
				4301D56F1E73A59900D48503 /* Info.plist */,
			);
			path = BasicTableview;
			sourceTree = "<group>";
		};
/* End PBXGroup section */

/* Begin PBXNativeTarget section */
		4301D55F1E73A59900D48503 /* BasicTableview */ = {
			isa = PBXNativeTarget;
			buildConfigurationList = 4301D5721E73A59900D48503 /* Build configuration list for PBXNativeTarget "BasicTableview" */;
			buildPhases = (
				4301D55C1E73A59900D48503 /* Sources */,
				4301D55D1E73A59900D48503 /* Frameworks */,
				4301D55E1E73A59900D48503 /* Resources */,
			);
			buildRules = (
			);
			dependencies = (
			);
			name = BasicTableview;
			productName = BasicTableview;
			productReference = 4301D5601E73A59900D48503 /* BasicTableview.app */;
			productType = "com.apple.product-type.application";
		};
/* End PBXNativeTarget section */

/* Begin PBXProject section */
		4301D5581E73A59900D48503 /* Project object */ = {
			isa = PBXProject;
			attributes = {
				LastSwiftUpdateCheck = 0820;
				LastUpgradeCheck = 0820;
				ORGANIZATIONNAME = julioest;
				TargetAttributes = {
					4301D55F1E73A59900D48503 = {
						CreatedOnToolsVersion = 8.2.1;
						DevelopmentTeam = LPDDSWTT3S;
						ProvisioningStyle = Automatic;
					};
				};
			};
			buildConfigurationList = 4301D55B1E73A59900D48503 /* Build configuration list for PBXProject "BasicTableview" */;
			compatibilityVersion = "Xcode 3.2";
			developmentRegion = English;
			hasScannedForEncodings = 0;
			knownRegions = (
				en,
				Base,
			);
			mainGroup = 4301D5571E73A59900D48503;
			productRefGroup = 4301D5611E73A59900D48503 /* Products */;
			projectDirPath = "";
			projectRoot = "";
			targets = (
				4301D55F1E73A59900D48503 /* BasicTableview */,
			);
		};
/* End PBXProject section */

/* Begin PBXResourcesBuildPhase section */
		4301D55E1E73A59900D48503 /* Resources */ = {
			isa = PBXResourcesBuildPhase;
			buildActionMask = 2147483647;
			files = (
				4301D56E1E73A59900D48503 /* LaunchScreen.storyboard in Resources */,
				4301D56B1E73A59900D48503 /* Assets.xcassets in Resources */,
				4301D5691E73A59900D48503 /* Main.storyboard in Resources */,
			);
			runOnlyForDeploymentPostprocessing = 0;
		};
/* End PBXResourcesBuildPhase section */

/* Begin PBXSourcesBuildPhase section */
		4301D55C1E73A59900D48503 /* Sources */ = {
			isa = PBXSourcesBuildPhase;
			buildActionMask = 2147483647;
			files = (
				4301D5641E73A59900D48503 /* AppDelegate.swift in Sources */,
				4301D5761E73A60400D48503 /* GroceriesTableViewController.swift in Sources */,
			);
			runOnlyForDeploymentPostprocessing = 0;
		};
/* End PBXSourcesBuildPhase section */

/* Begin PBXVariantGroup section */
		4301D5671E73A59900D48503 /* Main.storyboard */ = {
			isa = PBXVariantGroup;
			children = (
				4301D5681E73A59900D48503 /* Base */,
			);
			name = Main.storyboard;
			sourceTree = "<group>";
		};
		4301D56C1E73A59900D48503 /* LaunchScreen.storyboard */ = {
			isa = PBXVariantGroup;
			children = (
				4301D56D1E73A59900D48503 /* Base */,
			);
			name = LaunchScreen.storyboard;
			sourceTree = "<group>";
		};
/* End PBXVariantGroup section */

/* Begin XCBuildConfiguration section */
		4301D5701E73A59900D48503 /* Debug */ = {
			isa = XCBuildConfiguration;
			buildSettings = {
				ALWAYS_SEARCH_USER_PATHS = NO;
				CLANG_ANALYZER_NONNULL = YES;
				CLANG_CXX_LANGUAGE_STANDARD = "gnu++0x";
				CLANG_CXX_LIBRARY = "libc++";
				CLANG_ENABLE_MODULES = YES;
				CLANG_ENABLE_OBJC_ARC = YES;
				CLANG_WARN_BOOL_CONVERSION = YES;
				CLANG_WARN_CONSTANT_CONVERSION = YES;
				CLANG_WARN_DIRECT_OBJC_ISA_USAGE = YES_ERROR;
				CLANG_WARN_DOCUMENTATION_COMMENTS = YES;
				CLANG_WARN_EMPTY_BODY = YES;
				CLANG_WARN_ENUM_CONVERSION = YES;
				CLANG_WARN_INFINITE_RECURSION = YES;
				CLANG_WARN_INT_CONVERSION = YES;
				CLANG_WARN_OBJC_ROOT_CLASS = YES_ERROR;
				CLANG_WARN_SUSPICIOUS_MOVE = YES;
				CLANG_WARN_UNREACHABLE_CODE = YES;
				CLANG_WARN__DUPLICATE_METHOD_MATCH = YES;
				"CODE_SIGN_IDENTITY[sdk=iphoneos*]" = "iPhone Developer";
				COPY_PHASE_STRIP = NO;
				DEBUG_INFORMATION_FORMAT = dwarf;
				ENABLE_STRICT_OBJC_MSGSEND = YES;
				ENABLE_TESTABILITY = YES;
				GCC_C_LANGUAGE_STANDARD = gnu99;
				GCC_DYNAMIC_NO_PIC = NO;
				GCC_NO_COMMON_BLOCKS = YES;
				GCC_OPTIMIZATION_LEVEL = 0;
				GCC_PREPROCESSOR_DEFINITIONS = (
					"DEBUG=1",
					"$(inherited)",
				);
				GCC_WARN_64_TO_32_BIT_CONVERSION = YES;
				GCC_WARN_ABOUT_RETURN_TYPE = YES_ERROR;
				GCC_WARN_UNDECLARED_SELECTOR = YES;
				GCC_WARN_UNINITIALIZED_AUTOS = YES_AGGRESSIVE;
				GCC_WARN_UNUSED_FUNCTION = YES;
				GCC_WARN_UNUSED_VARIABLE = YES;
				IPHONEOS_DEPLOYMENT_TARGET = 10.2;
				MTL_ENABLE_DEBUG_INFO = YES;
				ONLY_ACTIVE_ARCH = YES;
				SDKROOT = iphoneos;
				SWIFT_ACTIVE_COMPILATION_CONDITIONS = DEBUG;
				SWIFT_OPTIMIZATION_LEVEL = "-Onone";
			};
			name = Debug;
		};
		4301D5711E73A59900D48503 /* Release */ = {
			isa = XCBuildConfiguration;
			buildSettings = {
				ALWAYS_SEARCH_USER_PATHS = NO;
				CLANG_ANALYZER_NONNULL = YES;
				CLANG_CXX_LANGUAGE_STANDARD = "gnu++0x";
				CLANG_CXX_LIBRARY = "libc++";
				CLANG_ENABLE_MODULES = YES;
				CLANG_ENABLE_OBJC_ARC = YES;
				CLANG_WARN_BOOL_CONVERSION = YES;
				CLANG_WARN_CONSTANT_CONVERSION = YES;
				CLANG_WARN_DIRECT_OBJC_ISA_USAGE = YES_ERROR;
				CLANG_WARN_DOCUMENTATION_COMMENTS = YES;
				CLANG_WARN_EMPTY_BODY = YES;
				CLANG_WARN_ENUM_CONVERSION = YES;
				CLANG_WARN_INFINITE_RECURSION = YES;
				CLANG_WARN_INT_CONVERSION = YES;
				CLANG_WARN_OBJC_ROOT_CLASS = YES_ERROR;
				CLANG_WARN_SUSPICIOUS_MOVE = YES;
				CLANG_WARN_UNREACHABLE_CODE = YES;
				CLANG_WARN__DUPLICATE_METHOD_MATCH = YES;
				"CODE_SIGN_IDENTITY[sdk=iphoneos*]" = "iPhone Developer";
				COPY_PHASE_STRIP = NO;
				DEBUG_INFORMATION_FORMAT = "dwarf-with-dsym";
				ENABLE_NS_ASSERTIONS = NO;
				ENABLE_STRICT_OBJC_MSGSEND = YES;
				GCC_C_LANGUAGE_STANDARD = gnu99;
				GCC_NO_COMMON_BLOCKS = YES;
				GCC_WARN_64_TO_32_BIT_CONVERSION = YES;
				GCC_WARN_ABOUT_RETURN_TYPE = YES_ERROR;
				GCC_WARN_UNDECLARED_SELECTOR = YES;
				GCC_WARN_UNINITIALIZED_AUTOS = YES_AGGRESSIVE;
				GCC_WARN_UNUSED_FUNCTION = YES;
				GCC_WARN_UNUSED_VARIABLE = YES;
				IPHONEOS_DEPLOYMENT_TARGET = 10.2;
				MTL_ENABLE_DEBUG_INFO = NO;
				SDKROOT = iphoneos;
				SWIFT_OPTIMIZATION_LEVEL = "-Owholemodule";
				VALIDATE_PRODUCT = YES;
			};
			name = Release;
		};
		4301D5731E73A59900D48503 /* Debug */ = {
			isa = XCBuildConfiguration;
			buildSettings = {
				ASSETCATALOG_COMPILER_APPICON_NAME = AppIcon;
				DEVELOPMENT_TEAM = LPDDSWTT3S;
				INFOPLIST_FILE = BasicTableview/Info.plist;
				LD_RUNPATH_SEARCH_PATHS = "$(inherited) @executable_path/Frameworks";
				PRODUCT_BUNDLE_IDENTIFIER = com.julioest.BasicTableview;
				PRODUCT_NAME = "$(TARGET_NAME)";
				SWIFT_VERSION = 3.0;
			};
			name = Debug;
		};
		4301D5741E73A59900D48503 /* Release */ = {
			isa = XCBuildConfiguration;
			buildSettings = {
				ASSETCATALOG_COMPILER_APPICON_NAME = AppIcon;
				DEVELOPMENT_TEAM = LPDDSWTT3S;
				INFOPLIST_FILE = BasicTableview/Info.plist;
				LD_RUNPATH_SEARCH_PATHS = "$(inherited) @executable_path/Frameworks";
				PRODUCT_BUNDLE_IDENTIFIER = com.julioest.BasicTableview;
				PRODUCT_NAME = "$(TARGET_NAME)";
				SWIFT_VERSION = 3.0;
			};
			name = Release;
		};
/* End XCBuildConfiguration section */

/* Begin XCConfigurationList section */
		4301D55B1E73A59900D48503 /* Build configuration list for PBXProject "BasicTableview" */ = {
			isa = XCConfigurationList;
			buildConfigurations = (
				4301D5701E73A59900D48503 /* Debug */,
				4301D5711E73A59900D48503 /* Release */,
			);
			defaultConfigurationIsVisible = 0;
			defaultConfigurationName = Release;
		};
		4301D5721E73A59900D48503 /* Build configuration list for PBXNativeTarget "BasicTableview" */ = {
			isa = XCConfigurationList;
			buildConfigurations = (
				4301D5731E73A59900D48503 /* Debug */,
				4301D5741E73A59900D48503 /* Release */,
			);
			defaultConfigurationIsVisible = 0;
		};
/* End XCConfigurationList section */
	};
	rootObject = 4301D5581E73A59900D48503 /* Project object */;
}
