// !$*UTF8*$!
{
	archiveVersion = 1;
	classes = {
	};
	objectVersion = 46;
	objects = {

/* Begin PBXBuildFile section */
		431B41A01E99F50B002D2929 /* AppDelegate.swift in Sources */ = {isa = PBXBuildFile; fileRef = 431B419F1E99F50B002D2929 /* AppDelegate.swift */; };
		431B41A21E99F50B002D2929 /* ViewController.swift in Sources */ = {isa = PBXBuildFile; fileRef = 431B41A11E99F50B002D2929 /* ViewController.swift */; };
		431B41A51E99F50B002D2929 /* Main.storyboard in Resources */ = {isa = PBXBuildFile; fileRef = 431B41A31E99F50B002D2929 /* Main.storyboard */; };
		431B41A71E99F50B002D2929 /* Assets.xcassets in Resources */ = {isa = PBXBuildFile; fileRef = 431B41A61E99F50B002D2929 /* Assets.xcassets */; };
		431B41AA1E99F50B002D2929 /* LaunchScreen.storyboard in Resources */ = {isa = PBXBuildFile; fileRef = 431B41A81E99F50B002D2929 /* LaunchScreen.storyboard */; };
		431B41B21E99F568002D2929 /* ContactsTableViewController.swift in Sources */ = {isa = PBXBuildFile; fileRef = 431B41B11E99F568002D2929 /* ContactsTableViewController.swift */; };
		431B41B41E9A0DA4002D2929 /* HeaderTableViewCell.swift in Sources */ = {isa = PBXBuildFile; fileRef = 431B41B31E9A0DA4002D2929 /* HeaderTableViewCell.swift */; };
		431B41B61E9A0DF9002D2929 /* PersonTableViewCell.swift in Sources */ = {isa = PBXBuildFile; fileRef = 431B41B51E9A0DF9002D2929 /* PersonTableViewCell.swift */; };
		431B41B81E9A0E80002D2929 /* InfoCardTableViewController.swift in Sources */ = {isa = PBXBuildFile; fileRef = 431B41B71E9A0E80002D2929 /* InfoCardTableViewController.swift */; };
		431B41BA1E9A127B002D2929 /* InfoCardTableViewCell.swift in Sources */ = {isa = PBXBuildFile; fileRef = 431B41B91E9A127B002D2929 /* InfoCardTableViewCell.swift */; };
		431B41BC1E9A12A0002D2929 /* Model.swift in Sources */ = {isa = PBXBuildFile; fileRef = 431B41BB1E9A12A0002D2929 /* Model.swift */; };
/* End PBXBuildFile section */

/* Begin PBXFileReference section */
		431B419C1E99F50B002D2929 /* Contacts.app */ = {isa = PBXFileReference; explicitFileType = wrapper.application; includeInIndex = 0; path = Contacts.app; sourceTree = BUILT_PRODUCTS_DIR; };
		431B419F1E99F50B002D2929 /* AppDelegate.swift */ = {isa = PBXFileReference; lastKnownFileType = sourcecode.swift; path = AppDelegate.swift; sourceTree = "<group>"; };
		431B41A11E99F50B002D2929 /* ViewController.swift */ = {isa = PBXFileReference; lastKnownFileType = sourcecode.swift; path = ViewController.swift; sourceTree = "<group>"; };
		431B41A41E99F50B002D2929 /* Base */ = {isa = PBXFileReference; lastKnownFileType = file.storyboard; name = Base; path = Base.lproj/Main.storyboard; sourceTree = "<group>"; };
		431B41A61E99F50B002D2929 /* Assets.xcassets */ = {isa = PBXFileReference; lastKnownFileType = folder.assetcatalog; path = Assets.xcassets; sourceTree = "<group>"; };
		431B41A91E99F50B002D2929 /* Base */ = {isa = PBXFileReference; lastKnownFileType = file.storyboard; name = Base; path = Base.lproj/LaunchScreen.storyboard; sourceTree = "<group>"; };
		431B41AB1E99F50B002D2929 /* Info.plist */ = {isa = PBXFileReference; lastKnownFileType = text.plist.xml; path = Info.plist; sourceTree = "<group>"; };
		431B41B11E99F568002D2929 /* ContactsTableViewController.swift */ = {isa = PBXFileReference; fileEncoding = 4; lastKnownFileType = sourcecode.swift; path = ContactsTableViewController.swift; sourceTree = "<group>"; };
		431B41B31E9A0DA4002D2929 /* HeaderTableViewCell.swift */ = {isa = PBXFileReference; fileEncoding = 4; lastKnownFileType = sourcecode.swift; path = HeaderTableViewCell.swift; sourceTree = "<group>"; };
		431B41B51E9A0DF9002D2929 /* PersonTableViewCell.swift */ = {isa = PBXFileReference; fileEncoding = 4; lastKnownFileType = sourcecode.swift; path = PersonTableViewCell.swift; sourceTree = "<group>"; };
		431B41B71E9A0E80002D2929 /* InfoCardTableViewController.swift */ = {isa = PBXFileReference; fileEncoding = 4; lastKnownFileType = sourcecode.swift; path = InfoCardTableViewController.swift; sourceTree = "<group>"; };
		431B41B91E9A127B002D2929 /* InfoCardTableViewCell.swift */ = {isa = PBXFileReference; fileEncoding = 4; lastKnownFileType = sourcecode.swift; path = InfoCardTableViewCell.swift; sourceTree = "<group>"; };
		431B41BB1E9A12A0002D2929 /* Model.swift */ = {isa = PBXFileReference; fileEncoding = 4; lastKnownFileType = sourcecode.swift; path = Model.swift; sourceTree = "<group>"; };
/* End PBXFileReference section */

/* Begin PBXFrameworksBuildPhase section */
		431B41991E99F50B002D2929 /* Frameworks */ = {
			isa = PBXFrameworksBuildPhase;
			buildActionMask = 2147483647;
			files = (
			);
			runOnlyForDeploymentPostprocessing = 0;
		};
/* End PBXFrameworksBuildPhase section */

/* Begin PBXGroup section */
		431B41931E99F50B002D2929 = {
			isa = PBXGroup;
			children = (
				431B419E1E99F50B002D2929 /* Contacts */,
				431B419D1E99F50B002D2929 /* Products */,
			);
			sourceTree = "<group>";
		};
		431B419D1E99F50B002D2929 /* Products */ = {
			isa = PBXGroup;
			children = (
				431B419C1E99F50B002D2929 /* Contacts.app */,
			);
			name = Products;
			sourceTree = "<group>";
		};
		431B419E1E99F50B002D2929 /* Contacts */ = {
			isa = PBXGroup;
			children = (
				431B419F1E99F50B002D2929 /* AppDelegate.swift */,
				431B41A11E99F50B002D2929 /* ViewController.swift */,
				431B41B11E99F568002D2929 /* ContactsTableViewController.swift */,
				431B41B31E9A0DA4002D2929 /* HeaderTableViewCell.swift */,
				431B41B51E9A0DF9002D2929 /* PersonTableViewCell.swift */,
				431B41B71E9A0E80002D2929 /* InfoCardTableViewController.swift */,
				431B41B91E9A127B002D2929 /* InfoCardTableViewCell.swift */,
				431B41BB1E9A12A0002D2929 /* Model.swift */,
				431B41A31E99F50B002D2929 /* Main.storyboard */,
				431B41A61E99F50B002D2929 /* Assets.xcassets */,
				431B41A81E99F50B002D2929 /* LaunchScreen.storyboard */,
				431B41AB1E99F50B002D2929 /* Info.plist */,
			);
			path = Contacts;
			sourceTree = "<group>";
		};
/* End PBXGroup section */

/* Begin PBXNativeTarget section */
		431B419B1E99F50B002D2929 /* Contacts */ = {
			isa = PBXNativeTarget;
			buildConfigurationList = 431B41AE1E99F50B002D2929 /* Build configuration list for PBXNativeTarget "Contacts" */;
			buildPhases = (
				431B41981E99F50B002D2929 /* Sources */,
				431B41991E99F50B002D2929 /* Frameworks */,
				431B419A1E99F50B002D2929 /* Resources */,
			);
			buildRules = (
			);
			dependencies = (
			);
			name = Contacts;
			productName = Contacts;
			productReference = 431B419C1E99F50B002D2929 /* Contacts.app */;
			productType = "com.apple.product-type.application";
		};
/* End PBXNativeTarget section */

/* Begin PBXProject section */
		431B41941E99F50B002D2929 /* Project object */ = {
			isa = PBXProject;
			attributes = {
				LastSwiftUpdateCheck = 0830;
				LastUpgradeCheck = 0830;
				ORGANIZATIONNAME = julioest;
				TargetAttributes = {
					431B419B1E99F50B002D2929 = {
						CreatedOnToolsVersion = 8.3.1;
						DevelopmentTeam = LPDDSWTT3S;
						ProvisioningStyle = Automatic;
					};
				};
			};
			buildConfigurationList = 431B41971E99F50B002D2929 /* Build configuration list for PBXProject "Contacts" */;
			compatibilityVersion = "Xcode 3.2";
			developmentRegion = English;
			hasScannedForEncodings = 0;
			knownRegions = (
				en,
				Base,
			);
			mainGroup = 431B41931E99F50B002D2929;
			productRefGroup = 431B419D1E99F50B002D2929 /* Products */;
			projectDirPath = "";
			projectRoot = "";
			targets = (
				431B419B1E99F50B002D2929 /* Contacts */,
			);
		};
/* End PBXProject section */

/* Begin PBXResourcesBuildPhase section */
		431B419A1E99F50B002D2929 /* Resources */ = {
			isa = PBXResourcesBuildPhase;
			buildActionMask = 2147483647;
			files = (
				431B41AA1E99F50B002D2929 /* LaunchScreen.storyboard in Resources */,
				431B41A71E99F50B002D2929 /* Assets.xcassets in Resources */,
				431B41A51E99F50B002D2929 /* Main.storyboard in Resources */,
			);
			runOnlyForDeploymentPostprocessing = 0;
		};
/* End PBXResourcesBuildPhase section */

/* Begin PBXSourcesBuildPhase section */
		431B41981E99F50B002D2929 /* Sources */ = {
			isa = PBXSourcesBuildPhase;
			buildActionMask = 2147483647;
			files = (
				431B41B41E9A0DA4002D2929 /* HeaderTableViewCell.swift in Sources */,
				431B41A21E99F50B002D2929 /* ViewController.swift in Sources */,
				431B41A01E99F50B002D2929 /* AppDelegate.swift in Sources */,
				431B41BA1E9A127B002D2929 /* InfoCardTableViewCell.swift in Sources */,
				431B41B81E9A0E80002D2929 /* InfoCardTableViewController.swift in Sources */,
				431B41B61E9A0DF9002D2929 /* PersonTableViewCell.swift in Sources */,
				431B41B21E99F568002D2929 /* ContactsTableViewController.swift in Sources */,
				431B41BC1E9A12A0002D2929 /* Model.swift in Sources */,
			);
			runOnlyForDeploymentPostprocessing = 0;
		};
/* End PBXSourcesBuildPhase section */

/* Begin PBXVariantGroup section */
		431B41A31E99F50B002D2929 /* Main.storyboard */ = {
			isa = PBXVariantGroup;
			children = (
				431B41A41E99F50B002D2929 /* Base */,
			);
			name = Main.storyboard;
			sourceTree = "<group>";
		};
		431B41A81E99F50B002D2929 /* LaunchScreen.storyboard */ = {
			isa = PBXVariantGroup;
			children = (
				431B41A91E99F50B002D2929 /* Base */,
			);
			name = LaunchScreen.storyboard;
			sourceTree = "<group>";
		};
/* End PBXVariantGroup section */

/* Begin XCBuildConfiguration section */
		431B41AC1E99F50B002D2929 /* Debug */ = {
			isa = XCBuildConfiguration;
			buildSettings = {
				ALWAYS_SEARCH_USER_PATHS = NO;
				CLANG_ANALYZER_NONNULL = YES;
				CLANG_ANALYZER_NUMBER_OBJECT_CONVERSION = YES_AGGRESSIVE;
				CLANG_CXX_LANGUAGE_STANDARD = "gnu++0x";
				CLANG_CXX_LIBRARY = "libc++";
				CLANG_ENABLE_MODULES = YES;
				CLANG_ENABLE_OBJC_ARC = YES;
				CLANG_WARN_BOOL_CONVERSION = YES;
				CLANG_WARN_CONSTANT_CONVERSION = YES;
				CLANG_WARN_DIRECT_OBJC_ISA_USAGE = YES_ERROR;
				CLANG_WARN_DOCUMENTATION_COMMENTS = YES;
				CLANG_WARN_EMPTY_BODY = YES;
				CLANG_WARN_ENUM_CONVERSION = YES;
				CLANG_WARN_INFINITE_RECURSION = YES;
				CLANG_WARN_INT_CONVERSION = YES;
				CLANG_WARN_OBJC_ROOT_CLASS = YES_ERROR;
				CLANG_WARN_SUSPICIOUS_MOVE = YES;
				CLANG_WARN_UNREACHABLE_CODE = YES;
				CLANG_WARN__DUPLICATE_METHOD_MATCH = YES;
				"CODE_SIGN_IDENTITY[sdk=iphoneos*]" = "iPhone Developer";
				COPY_PHASE_STRIP = NO;
				DEBUG_INFORMATION_FORMAT = dwarf;
				ENABLE_STRICT_OBJC_MSGSEND = YES;
				ENABLE_TESTABILITY = YES;
				GCC_C_LANGUAGE_STANDARD = gnu99;
				GCC_DYNAMIC_NO_PIC = NO;
				GCC_NO_COMMON_BLOCKS = YES;
				GCC_OPTIMIZATION_LEVEL = 0;
				GCC_PREPROCESSOR_DEFINITIONS = (
					"DEBUG=1",
					"$(inherited)",
				);
				GCC_WARN_64_TO_32_BIT_CONVERSION = YES;
				GCC_WARN_ABOUT_RETURN_TYPE = YES_ERROR;
				GCC_WARN_UNDECLARED_SELECTOR = YES;
				GCC_WARN_UNINITIALIZED_AUTOS = YES_AGGRESSIVE;
				GCC_WARN_UNUSED_FUNCTION = YES;
				GCC_WARN_UNUSED_VARIABLE = YES;
				IPHONEOS_DEPLOYMENT_TARGET = 10.3;
				MTL_ENABLE_DEBUG_INFO = YES;
				ONLY_ACTIVE_ARCH = YES;
				SDKROOT = iphoneos;
				SWIFT_ACTIVE_COMPILATION_CONDITIONS = DEBUG;
				SWIFT_OPTIMIZATION_LEVEL = "-Onone";
			};
			name = Debug;
		};
		431B41AD1E99F50B002D2929 /* Release */ = {
			isa = XCBuildConfiguration;
			buildSettings = {
				ALWAYS_SEARCH_USER_PATHS = NO;
				CLANG_ANALYZER_NONNULL = YES;
				CLANG_ANALYZER_NUMBER_OBJECT_CONVERSION = YES_AGGRESSIVE;
				CLANG_CXX_LANGUAGE_STANDARD = "gnu++0x";
				CLANG_CXX_LIBRARY = "libc++";
				CLANG_ENABLE_MODULES = YES;
				CLANG_ENABLE_OBJC_ARC = YES;
				CLANG_WARN_BOOL_CONVERSION = YES;
				CLANG_WARN_CONSTANT_CONVERSION = YES;
				CLANG_WARN_DIRECT_OBJC_ISA_USAGE = YES_ERROR;
				CLANG_WARN_DOCUMENTATION_COMMENTS = YES;
				CLANG_WARN_EMPTY_BODY = YES;
				CLANG_WARN_ENUM_CONVERSION = YES;
				CLANG_WARN_INFINITE_RECURSION = YES;
				CLANG_WARN_INT_CONVERSION = YES;
				CLANG_WARN_OBJC_ROOT_CLASS = YES_ERROR;
				CLANG_WARN_SUSPICIOUS_MOVE = YES;
				CLANG_WARN_UNREACHABLE_CODE = YES;
				CLANG_WARN__DUPLICATE_METHOD_MATCH = YES;
				"CODE_SIGN_IDENTITY[sdk=iphoneos*]" = "iPhone Developer";
				COPY_PHASE_STRIP = NO;
				DEBUG_INFORMATION_FORMAT = "dwarf-with-dsym";
				ENABLE_NS_ASSERTIONS = NO;
				ENABLE_STRICT_OBJC_MSGSEND = YES;
				GCC_C_LANGUAGE_STANDARD = gnu99;
				GCC_NO_COMMON_BLOCKS = YES;
				GCC_WARN_64_TO_32_BIT_CONVERSION = YES;
				GCC_WARN_ABOUT_RETURN_TYPE = YES_ERROR;
				GCC_WARN_UNDECLARED_SELECTOR = YES;
				GCC_WARN_UNINITIALIZED_AUTOS = YES_AGGRESSIVE;
				GCC_WARN_UNUSED_FUNCTION = YES;
				GCC_WARN_UNUSED_VARIABLE = YES;
				IPHONEOS_DEPLOYMENT_TARGET = 10.3;
				MTL_ENABLE_DEBUG_INFO = NO;
				SDKROOT = iphoneos;
				SWIFT_OPTIMIZATION_LEVEL = "-Owholemodule";
				VALIDATE_PRODUCT = YES;
			};
			name = Release;
		};
		431B41AF1E99F50B002D2929 /* Debug */ = {
			isa = XCBuildConfiguration;
			buildSettings = {
				ASSETCATALOG_COMPILER_APPICON_NAME = AppIcon;
				DEVELOPMENT_TEAM = LPDDSWTT3S;
				INFOPLIST_FILE = Contacts/Info.plist;
				IPHONEOS_DEPLOYMENT_TARGET = 10.2;
				LD_RUNPATH_SEARCH_PATHS = "$(inherited) @executable_path/Frameworks";
				PRODUCT_BUNDLE_IDENTIFIER = com.julioest.Contacts;
				PRODUCT_NAME = "$(TARGET_NAME)";
				SWIFT_VERSION = 3.0;
			};
			name = Debug;
		};
		431B41B01E99F50B002D2929 /* Release */ = {
			isa = XCBuildConfiguration;
			buildSettings = {
				ASSETCATALOG_COMPILER_APPICON_NAME = AppIcon;
				DEVELOPMENT_TEAM = LPDDSWTT3S;
				INFOPLIST_FILE = Contacts/Info.plist;
				IPHONEOS_DEPLOYMENT_TARGET = 10.2;
				LD_RUNPATH_SEARCH_PATHS = "$(inherited) @executable_path/Frameworks";
				PRODUCT_BUNDLE_IDENTIFIER = com.julioest.Contacts;
				PRODUCT_NAME = "$(TARGET_NAME)";
				SWIFT_VERSION = 3.0;
			};
			name = Release;
		};
/* End XCBuildConfiguration section */

/* Begin XCConfigurationList section */
		431B41971E99F50B002D2929 /* Build configuration list for PBXProject "Contacts" */ = {
			isa = XCConfigurationList;
			buildConfigurations = (
				431B41AC1E99F50B002D2929 /* Debug */,
				431B41AD1E99F50B002D2929 /* Release */,
			);
			defaultConfigurationIsVisible = 0;
			defaultConfigurationName = Release;
		};
		431B41AE1E99F50B002D2929 /* Build configuration list for PBXNativeTarget "Contacts" */ = {
			isa = XCConfigurationList;
			buildConfigurations = (
				431B41AF1E99F50B002D2929 /* Debug */,
				431B41B01E99F50B002D2929 /* Release */,
			);
			defaultConfigurationIsVisible = 0;
		};
/* End XCConfigurationList section */
	};
	rootObject = 431B41941E99F50B002D2929 /* Project object */;
}
